
Microsoft Visual Studio Solution File, Format Version 12.00
# Visual Studio 15
VisualStudioVersion = 15.0.28010.2036
MinimumVisualStudioVersion = 10.0.40219.1
Project("{FAE04EC0-301F-11D3-BF4B-00C04F79EFBC}") = "HackIRL_Site", "HackIRL_Site\HackIRL_Site.csproj", "{5DA2C4D0-9F08-4B51-90A0-9185AD4A575E}"
EndProject
Global
	GlobalSection(SolutionConfigurationPlatforms) = preSolution
		Debug|Any CPU = Debug|Any CPU
		Release|Any CPU = Release|Any CPU
	EndGlobalSection
	GlobalSection(ProjectConfigurationPlatforms) = postSolution
		{5DA2C4D0-9F08-4B51-90A0-9185AD4A575E}.Debug|Any CPU.ActiveCfg = Debug|Any CPU
		{5DA2C4D0-9F08-4B51-90A0-9185AD4A575E}.Debug|Any CPU.Build.0 = Debug|Any CPU
		{5DA2C4D0-9F08-4B51-90A0-9185AD4A575E}.Release|Any CPU.ActiveCfg = Release|Any CPU
		{5DA2C4D0-9F08-4B51-90A0-9185AD4A575E}.Release|Any CPU.Build.0 = Release|Any CPU
	EndGlobalSection
	GlobalSection(SolutionProperties) = preSolution
		HideSolutionNode = FALSE
	EndGlobalSection
	GlobalSection(ExtensibilityGlobals) = postSolution
		SolutionGuid = {B475661F-BF5C-4938-B494-D78950275303}
	EndGlobalSection
EndGlobal
